
Microsoft Visual Studio Solution File, Format Version 12.00
# Visual Studio 15
VisualStudioVersion = 15.0.28307.960
MinimumVisualStudioVersion = 10.0.40219.1
Project("{2150E333-8FDC-42A3-9474-1A3956D46DE8}") = "Src", "Src", "{B7709ED9-1D40-4840-915D-5E59ACA94C1F}"
EndProject
Project("{2150E333-8FDC-42A3-9474-1A3956D46DE8}") = "Hosts", "Hosts", "{293330C8-DE2A-4910-B66E-EAF88B4CF6F0}"
EndProject
Project("{2150E333-8FDC-42A3-9474-1A3956D46DE8}") = "Lib", "Lib", "{A57A415F-99B1-47F1-91E5-65E08563FBE6}"
EndProject
Project("{2150E333-8FDC-42A3-9474-1A3956D46DE8}") = "App", "App", "{08014159-FE3E-4666-BE4B-D78ACDA2A87F}"
EndProject
Project("{2150E333-8FDC-42A3-9474-1A3956D46DE8}") = "DomainAndInfra", "DomainAndInfra", "{DBBE0A64-4211-4185-BA5A-7FE22B8AB7A5}"
EndProject
Project("{2150E333-8FDC-42A3-9474-1A3956D46DE8}") = "Tests", "Tests", "{8108F534-B057-4D97-B978-818082DC603E}"
EndProject
Project("{9A19103F-16F7-4668-BE54-9A1E7A4F7556}") = "TesteBackendAcesso.API", "Src\TesteBackendAcesso.API\TesteBackendAcesso.API.csproj", "{BE2D4665-DFB7-4A57-BB13-E26F03B4199E}"
EndProject
Project("{9A19103F-16F7-4668-BE54-9A1E7A4F7556}") = "TesteBackendAcesso.Worker", "Src\TesteBackendAcesso.Worker\TesteBackendAcesso.Worker.csproj", "{491F27D0-0B95-4E15-8354-D7FE15E90FC0}"
EndProject
Project("{9A19103F-16F7-4668-BE54-9A1E7A4F7556}") = "TesteBackendAcesso.Commands", "Src\TesteBackendAcesso.Commands\TesteBackendAcesso.Commands.csproj", "{5EF91337-A4F8-4471-AE11-D98AD9241BD3}"
EndProject
Project("{9A19103F-16F7-4668-BE54-9A1E7A4F7556}") = "TesteBackendAcesso.Queries", "Src\TesteBackendAcesso.Queries\TesteBackendAcesso.Queries.csproj", "{6CFD6DE3-6B40-4D83-A633-CB5331EAE71E}"
EndProject
Project("{9A19103F-16F7-4668-BE54-9A1E7A4F7556}") = "TesteBackendAcesso.Workers", "Src\TesteBackendAcesso.Workers\TesteBackendAcesso.Workers.csproj", "{38E49DAA-7CB4-4B64-AF3E-FD868A8806C2}"
EndProject
Project("{9A19103F-16F7-4668-BE54-9A1E7A4F7556}") = "TesteBackendAcesso.Domain", "Src\TesteBackendAcesso.Domain\TesteBackendAcesso.Domain.csproj", "{FC6FDBE4-8E6B-408A-9B49-F2B80FB7D6B5}"
EndProject
Project("{9A19103F-16F7-4668-BE54-9A1E7A4F7556}") = "TesteBackendAcesso.Integrations", "Src\TesteBackendAcesso.Integrations\TesteBackendAcesso.Integrations.csproj", "{75C45628-9105-4577-BBE3-718934D59783}"
EndProject
Project("{9A19103F-16F7-4668-BE54-9A1E7A4F7556}") = "TesteBackendAcesso.Infrastructure", "Src\TesteBackendAcesso.Infrastructure\TesteBackendAcesso.Infrastructure.csproj", "{806B4551-E446-4BE2-9B92-F46E538B0A5D}"
EndProject
Project("{9A19103F-16F7-4668-BE54-9A1E7A4F7556}") = "TesteBackendAcesso.Tests", "Tests\TesteBackendAcesso.Tests\TesteBackendAcesso.Tests.csproj", "{BDF35762-9DFC-443A-B23F-EB95EBEE51EA}"
EndProject
Project("{E53339B2-1760-4266-BCC7-CA923CBCF16C}") = "docker-compose", "docker-compose.dcproj", "{A70554C4-3F5A-485C-AEDD-6A7E7FFDA610}"
EndProject
Global
	GlobalSection(SolutionConfigurationPlatforms) = preSolution
		Debug|Any CPU = Debug|Any CPU
		Release|Any CPU = Release|Any CPU
	EndGlobalSection
	GlobalSection(ProjectConfigurationPlatforms) = postSolution
		{BE2D4665-DFB7-4A57-BB13-E26F03B4199E}.Debug|Any CPU.ActiveCfg = Debug|Any CPU
		{BE2D4665-DFB7-4A57-BB13-E26F03B4199E}.Debug|Any CPU.Build.0 = Debug|Any CPU
		{BE2D4665-DFB7-4A57-BB13-E26F03B4199E}.Release|Any CPU.ActiveCfg = Release|Any CPU
		{BE2D4665-DFB7-4A57-BB13-E26F03B4199E}.Release|Any CPU.Build.0 = Release|Any CPU
		{491F27D0-0B95-4E15-8354-D7FE15E90FC0}.Debug|Any CPU.ActiveCfg = Debug|Any CPU
		{491F27D0-0B95-4E15-8354-D7FE15E90FC0}.Debug|Any CPU.Build.0 = Debug|Any CPU
		{491F27D0-0B95-4E15-8354-D7FE15E90FC0}.Release|Any CPU.ActiveCfg = Release|Any CPU
		{491F27D0-0B95-4E15-8354-D7FE15E90FC0}.Release|Any CPU.Build.0 = Release|Any CPU
		{5EF91337-A4F8-4471-AE11-D98AD9241BD3}.Debug|Any CPU.ActiveCfg = Debug|Any CPU
		{5EF91337-A4F8-4471-AE11-D98AD9241BD3}.Debug|Any CPU.Build.0 = Debug|Any CPU
		{5EF91337-A4F8-4471-AE11-D98AD9241BD3}.Release|Any CPU.ActiveCfg = Release|Any CPU
		{5EF91337-A4F8-4471-AE11-D98AD9241BD3}.Release|Any CPU.Build.0 = Release|Any CPU
		{6CFD6DE3-6B40-4D83-A633-CB5331EAE71E}.Debug|Any CPU.ActiveCfg = Debug|Any CPU
		{6CFD6DE3-6B40-4D83-A633-CB5331EAE71E}.Debug|Any CPU.Build.0 = Debug|Any CPU
		{6CFD6DE3-6B40-4D83-A633-CB5331EAE71E}.Release|Any CPU.ActiveCfg = Release|Any CPU
		{6CFD6DE3-6B40-4D83-A633-CB5331EAE71E}.Release|Any CPU.Build.0 = Release|Any CPU
		{38E49DAA-7CB4-4B64-AF3E-FD868A8806C2}.Debug|Any CPU.ActiveCfg = Debug|Any CPU
		{38E49DAA-7CB4-4B64-AF3E-FD868A8806C2}.Debug|Any CPU.Build.0 = Debug|Any CPU
		{38E49DAA-7CB4-4B64-AF3E-FD868A8806C2}.Release|Any CPU.ActiveCfg = Release|Any CPU
		{38E49DAA-7CB4-4B64-AF3E-FD868A8806C2}.Release|Any CPU.Build.0 = Release|Any CPU
		{FC6FDBE4-8E6B-408A-9B49-F2B80FB7D6B5}.Debug|Any CPU.ActiveCfg = Debug|Any CPU
		{FC6FDBE4-8E6B-408A-9B49-F2B80FB7D6B5}.Debug|Any CPU.Build.0 = Debug|Any CPU
		{FC6FDBE4-8E6B-408A-9B49-F2B80FB7D6B5}.Release|Any CPU.ActiveCfg = Release|Any CPU
		{FC6FDBE4-8E6B-408A-9B49-F2B80FB7D6B5}.Release|Any CPU.Build.0 = Release|Any CPU
		{75C45628-9105-4577-BBE3-718934D59783}.Debug|Any CPU.ActiveCfg = Debug|Any CPU
		{75C45628-9105-4577-BBE3-718934D59783}.Debug|Any CPU.Build.0 = Debug|Any CPU
		{75C45628-9105-4577-BBE3-718934D59783}.Release|Any CPU.ActiveCfg = Release|Any CPU
		{75C45628-9105-4577-BBE3-718934D59783}.Release|Any CPU.Build.0 = Release|Any CPU
		{806B4551-E446-4BE2-9B92-F46E538B0A5D}.Debug|Any CPU.ActiveCfg = Debug|Any CPU
		{806B4551-E446-4BE2-9B92-F46E538B0A5D}.Debug|Any CPU.Build.0 = Debug|Any CPU
		{806B4551-E446-4BE2-9B92-F46E538B0A5D}.Release|Any CPU.ActiveCfg = Release|Any CPU
		{806B4551-E446-4BE2-9B92-F46E538B0A5D}.Release|Any CPU.Build.0 = Release|Any CPU
		{BDF35762-9DFC-443A-B23F-EB95EBEE51EA}.Debug|Any CPU.ActiveCfg = Debug|Any CPU
		{BDF35762-9DFC-443A-B23F-EB95EBEE51EA}.Debug|Any CPU.Build.0 = Debug|Any CPU
		{BDF35762-9DFC-443A-B23F-EB95EBEE51EA}.Release|Any CPU.ActiveCfg = Release|Any CPU
		{BDF35762-9DFC-443A-B23F-EB95EBEE51EA}.Release|Any CPU.Build.0 = Release|Any CPU
		{A70554C4-3F5A-485C-AEDD-6A7E7FFDA610}.Debug|Any CPU.ActiveCfg = Debug|Any CPU
		{A70554C4-3F5A-485C-AEDD-6A7E7FFDA610}.Debug|Any CPU.Build.0 = Debug|Any CPU
		{A70554C4-3F5A-485C-AEDD-6A7E7FFDA610}.Release|Any CPU.ActiveCfg = Release|Any CPU
		{A70554C4-3F5A-485C-AEDD-6A7E7FFDA610}.Release|Any CPU.Build.0 = Release|Any CPU
	EndGlobalSection
	GlobalSection(SolutionProperties) = preSolution
		HideSolutionNode = FALSE
	EndGlobalSection
	GlobalSection(NestedProjects) = preSolution
		{293330C8-DE2A-4910-B66E-EAF88B4CF6F0} = {B7709ED9-1D40-4840-915D-5E59ACA94C1F}
		{A57A415F-99B1-47F1-91E5-65E08563FBE6} = {B7709ED9-1D40-4840-915D-5E59ACA94C1F}
		{08014159-FE3E-4666-BE4B-D78ACDA2A87F} = {A57A415F-99B1-47F1-91E5-65E08563FBE6}
		{DBBE0A64-4211-4185-BA5A-7FE22B8AB7A5} = {A57A415F-99B1-47F1-91E5-65E08563FBE6}
		{BE2D4665-DFB7-4A57-BB13-E26F03B4199E} = {293330C8-DE2A-4910-B66E-EAF88B4CF6F0}
		{491F27D0-0B95-4E15-8354-D7FE15E90FC0} = {293330C8-DE2A-4910-B66E-EAF88B4CF6F0}
		{5EF91337-A4F8-4471-AE11-D98AD9241BD3} = {08014159-FE3E-4666-BE4B-D78ACDA2A87F}
		{6CFD6DE3-6B40-4D83-A633-CB5331EAE71E} = {08014159-FE3E-4666-BE4B-D78ACDA2A87F}
		{38E49DAA-7CB4-4B64-AF3E-FD868A8806C2} = {08014159-FE3E-4666-BE4B-D78ACDA2A87F}
		{FC6FDBE4-8E6B-408A-9B49-F2B80FB7D6B5} = {DBBE0A64-4211-4185-BA5A-7FE22B8AB7A5}
		{75C45628-9105-4577-BBE3-718934D59783} = {DBBE0A64-4211-4185-BA5A-7FE22B8AB7A5}
		{806B4551-E446-4BE2-9B92-F46E538B0A5D} = {DBBE0A64-4211-4185-BA5A-7FE22B8AB7A5}
		{BDF35762-9DFC-443A-B23F-EB95EBEE51EA} = {8108F534-B057-4D97-B978-818082DC603E}
	EndGlobalSection
	GlobalSection(ExtensibilityGlobals) = postSolution
		SolutionGuid = {9B16613C-D7C7-401E-AE62-214BE067E09C}
	EndGlobalSection
EndGlobal
