
Microsoft Visual Studio Solution File, Format Version 12.00
# Visual Studio 15
VisualStudioVersion = 15.0.28307.960
MinimumVisualStudioVersion = 10.0.40219.1
Project("{2150E333-8FDC-42A3-9474-1A3956D46DE8}") = "Src", "Src", "{B7709ED9-1D40-4840-915D-5E59ACA94C1F}"
EndProject
Project("{2150E333-8FDC-42A3-9474-1A3956D46DE8}") = "Tests", "Tests", "{8108F534-B057-4D97-B978-818082DC603E}"
EndProject
Project("{9A19103F-16F7-4668-BE54-9A1E7A4F7556}") = "TesteBackendAcesso.API", "Src\TesteBackendAcesso.API\TesteBackendAcesso.API.csproj", "{BE2D4665-DFB7-4A57-BB13-E26F03B4199E}"
EndProject
Global
	GlobalSection(SolutionConfigurationPlatforms) = preSolution
		Debug|Any CPU = Debug|Any CPU
		Release|Any CPU = Release|Any CPU
	EndGlobalSection
	GlobalSection(ProjectConfigurationPlatforms) = postSolution
		{BE2D4665-DFB7-4A57-BB13-E26F03B4199E}.Debug|Any CPU.ActiveCfg = Debug|Any CPU
		{BE2D4665-DFB7-4A57-BB13-E26F03B4199E}.Debug|Any CPU.Build.0 = Debug|Any CPU
		{BE2D4665-DFB7-4A57-BB13-E26F03B4199E}.Release|Any CPU.ActiveCfg = Release|Any CPU
		{BE2D4665-DFB7-4A57-BB13-E26F03B4199E}.Release|Any CPU.Build.0 = Release|Any CPU
	EndGlobalSection
	GlobalSection(SolutionProperties) = preSolution
		HideSolutionNode = FALSE
	EndGlobalSection
	GlobalSection(NestedProjects) = preSolution
		{BE2D4665-DFB7-4A57-BB13-E26F03B4199E} = {B7709ED9-1D40-4840-915D-5E59ACA94C1F}
	EndGlobalSection
	GlobalSection(ExtensibilityGlobals) = postSolution
		SolutionGuid = {9B16613C-D7C7-401E-AE62-214BE067E09C}
	EndGlobalSection
EndGlobal
